{
  "version": 4,
  "terraform_version": "1.12.2",
  "serial": 167,
  "lineage": "6bb3e8a1-0b2f-e44b-f91f-1ba2d3ad03ca",
  "outputs": {
    "api_endpoint": {
      "value": "https://td08v6xi88.execute-api.eu-west-2.amazonaws.com/events",
      "type": "string"
    },
    "athena_results_bucket": {
      "value": "clickstream-demo-athena-results-265974217211",
      "type": "string"
    },
    "dashboard_url": {
      "value": "https://eu-west-2.console.aws.amazon.com/cloudwatch/home?region=eu-west-2#dashboards:name=clickstream-demo-dashboard",
      "type": "string"
    },
    "firehose_name": {
      "value": "clickstream-demo-firehose",
      "type": "string"
    },
    "glue_database": {
      "value": "clickstream-demo_db",
      "type": "string"
    },
    "glue_job_name": {
      "value": "clickstream-demo-json-to-parquet",
      "type": "string"
    },
    "kinesis_stream_name": {
      "value": "clickstream-demo-stream",
      "type": "string"
    },
    "processed_bucket_name": {
      "value": "clickstream-demo-processed-265974217211",
      "type": "string"
    },
    "region": {
      "value": "eu-west-2",
      "type": "string"
    },
    "s3_bucket_name": {
      "value": "clickstream-demo-raw-265974217211",
      "type": "string"
    }
  },
  "resources": [
    {
      "mode": "data",
      "type": "aws_caller_identity",
      "name": "current",
      "provider": "provider[\"registry.terraform.io/hashicorp/aws\"]",
      "instances": [
        {
          "schema_version": 0,
          "attributes": {
            "account_id": "265974217211",
            "arn": "arn:aws:iam::265974217211:user/clickstream-deploy",
            "id": "265974217211",
            "user_id": "AIDAT33KMPH5XY23KD2T5"
          },
          "sensitive_attributes": [],
          "identity_schema_version": 0
        }
      ]
    },
    {
      "mode": "managed",
      "type": "aws_apigatewayv2_api",
      "name": "main",
      "provider": "provider[\"registry.terraform.io/hashicorp/aws\"]",
      "instances": [
        {
          "schema_version": 0,
          "attributes": {
            "api_endpoint": "https://td08v6xi88.execute-api.eu-west-2.amazonaws.com",
            "api_key_selection_expression": "$request.header.x-api-key",
            "arn": "arn:aws:apigateway:eu-west-2::/apis/td08v6xi88",
            "body": null,
            "cors_configuration": [
              {
                "allow_credentials": false,
                "allow_headers": [
                  "content-type",
                  "x-api-key"
                ],
                "allow_methods": [
                  "GET",
                  "OPTIONS",
                  "POST"
                ],
                "allow_origins": [
                  "*"
                ],
                "expose_headers": [],
                "max_age": 300
              }
            ],
            "credentials_arn": null,
            "description": "",
            "disable_execute_api_endpoint": false,
            "execution_arn": "arn:aws:execute-api:eu-west-2:265974217211:td08v6xi88",
            "fail_on_warnings": null,
            "id": "td08v6xi88",
            "ip_address_type": "ipv4",
            "name": "clickstream-demo-api",
            "protocol_type": "HTTP",
            "route_key": null,
            "route_selection_expression": "$request.method $request.path",
            "tags": {},
            "tags_all": {},
            "target": null,
            "version": ""
          },
          "sensitive_attributes": [],
          "identity_schema_version": 0,
          "private": "bnVsbA=="
        }
      ]
    },
    {
      "mode": "managed",
      "type": "aws_apigatewayv2_integration",
      "name": "lambda",
      "provider": "provider[\"registry.terraform.io/hashicorp/aws\"]",
      "instances": [
        {
          "schema_version": 0,
          "attributes": {
            "api_id": "td08v6xi88",
            "connection_id": "",
            "connection_type": "INTERNET",
            "content_handling_strategy": "",
            "credentials_arn": "",
            "description": "",
            "id": "j1fi9k9",
            "integration_method": "POST",
            "integration_response_selection_expression": "",
            "integration_subtype": "",
            "integration_type": "AWS_PROXY",
            "integration_uri": "arn:aws:apigateway:eu-west-2:lambda:path/2015-03-31/functions/arn:aws:lambda:eu-west-2:265974217211:function:clickstream-demo-ingestion/invocations",
            "passthrough_behavior": "",
            "payload_format_version": "1.0",
            "request_parameters": {},
            "request_templates": {},
            "response_parameters": [],
            "template_selection_expression": "",
            "timeout_milliseconds": 30000,
            "tls_config": []
          },
          "sensitive_attributes": [],
          "identity_schema_version": 0,
          "private": "bnVsbA==",
          "dependencies": [
            "aws_apigatewayv2_api.main",
            "aws_iam_role.lambda_role",
            "aws_iam_role_policy.lambda_kinesis",
            "aws_iam_role_policy_attachment.lambda_logs",
            "aws_kinesis_stream.clickstream",
            "aws_lambda_function.ingestion"
          ]
        }
      ]
    },
    {
      "mode": "managed",
      "type": "aws_apigatewayv2_route",
      "name": "events",
      "provider": "provider[\"registry.terraform.io/hashicorp/aws\"]",
      "instances": [
        {
          "schema_version": 0,
          "attributes": {
            "api_id": "td08v6xi88",
            "api_key_required": false,
            "authorization_scopes": [],
            "authorization_type": "NONE",
            "authorizer_id": "",
            "id": "st6624u",
            "model_selection_expression": "",
            "operation_name": "",
            "request_models": {},
            "request_parameter": [],
            "route_key": "POST /events",
            "route_response_selection_expression": "",
            "target": "integrations/j1fi9k9"
          },
          "sensitive_attributes": [],
          "identity_schema_version": 0,
          "private": "bnVsbA==",
          "dependencies": [
            "aws_apigatewayv2_api.main",
            "aws_apigatewayv2_integration.lambda",
            "aws_iam_role.lambda_role",
            "aws_iam_role_policy.lambda_kinesis",
            "aws_iam_role_policy_attachment.lambda_logs",
            "aws_kinesis_stream.clickstream",
            "aws_lambda_function.ingestion"
          ]
        }
      ]
    },
    {
      "mode": "managed",
      "type": "aws_apigatewayv2_stage",
      "name": "prod",
      "provider": "provider[\"registry.terraform.io/hashicorp/aws\"]",
      "instances": [
        {
          "schema_version": 0,
          "attributes": {
            "access_log_settings": [],
            "api_id": "td08v6xi88",
            "arn": "arn:aws:apigateway:eu-west-2::/apis/td08v6xi88/stages/$default",
            "auto_deploy": true,
            "client_certificate_id": "",
            "default_route_settings": [
              {
                "data_trace_enabled": false,
                "detailed_metrics_enabled": false,
                "logging_level": "",
                "throttling_burst_limit": 0,
                "throttling_rate_limit": 0
              }
            ],
            "deployment_id": "cdp7nf",
            "description": "",
            "execution_arn": "arn:aws:execute-api:eu-west-2:265974217211:td08v6xi88/$default",
            "id": "$default",
            "invoke_url": "https://td08v6xi88.execute-api.eu-west-2.amazonaws.com/",
            "name": "$default",
            "route_settings": [],
            "stage_variables": {},
            "tags": {},
            "tags_all": {}
          },
          "sensitive_attributes": [],
          "identity_schema_version": 0,
          "private": "bnVsbA==",
          "dependencies": [
            "aws_apigatewayv2_api.main"
          ]
        }
      ]
    },
    {
      "mode": "managed",
      "type": "aws_cloudwatch_dashboard",
      "name": "main",
      "provider": "provider[\"registry.terraform.io/hashicorp/aws\"]",
      "instances": [
        {
          "schema_version": 0,
          "attributes": {
            "dashboard_arn": "arn:aws:cloudwatch::265974217211:dashboard/clickstream-demo-dashboard",
            "dashboard_body": "{\"widgets\":[{\"height\":6,\"properties\":{\"metrics\":[[\"AWS/Kinesis\",\"IncomingRecords\",\"StreamName\",\"clickstream-demo-stream\",{\"stat\":\"Sum\"}],[\".\",\"IncomingBytes\",\".\",\".\",{\"stat\":\"Sum\",\"yAxis\":\"right\"}]],\"period\":300,\"region\":\"eu-west-2\",\"stacked\":false,\"title\":\"Kinesis Stream Metrics\",\"view\":\"timeSeries\"},\"type\":\"metric\",\"width\":12,\"x\":0,\"y\":0},{\"height\":6,\"properties\":{\"metrics\":[[\"AWS/Lambda\",\"Invocations\",\"FunctionName\",\"clickstream-demo-ingestion\"],[\".\",\"Errors\",\".\",\".\",{\"color\":\"#d62728\",\"stat\":\"Sum\"}],[\".\",\"Duration\",\".\",\".\",{\"stat\":\"Average\",\"yAxis\":\"right\"}]],\"period\":60,\"region\":\"eu-west-2\",\"stacked\":false,\"title\":\"Lambda Performance\",\"view\":\"timeSeries\"},\"type\":\"metric\",\"width\":12,\"x\":12,\"y\":0},{\"height\":6,\"properties\":{\"query\":\"SOURCE '/aws/lambda/clickstream-demo-ingestion'\\n| fields @timestamp, @message\\n| filter @message like /ERROR/\\n| sort @timestamp desc\\n| limit 20\\n\",\"region\":\"eu-west-2\",\"title\":\"Recent Errors\"},\"type\":\"log\",\"width\":24,\"x\":0,\"y\":6}]}",
            "dashboard_name": "clickstream-demo-dashboard",
            "id": "clickstream-demo-dashboard"
          },
          "sensitive_attributes": [],
          "identity_schema_version": 0,
          "private": "bnVsbA==",
          "dependencies": [
            "aws_cloudwatch_log_group.lambda_logs",
            "aws_iam_role.lambda_role",
            "aws_iam_role_policy.lambda_kinesis",
            "aws_iam_role_policy_attachment.lambda_logs",
            "aws_kinesis_stream.clickstream",
            "aws_lambda_function.ingestion"
          ]
        }
      ]
    },
    {
      "mode": "managed",
      "type": "aws_cloudwatch_log_group",
      "name": "lambda_logs",
      "provider": "provider[\"registry.terraform.io/hashicorp/aws\"]",
      "instances": [
        {
          "schema_version": 0,
          "attributes": {
            "arn": "arn:aws:logs:eu-west-2:265974217211:log-group:/aws/lambda/clickstream-demo-ingestion",
            "id": "/aws/lambda/clickstream-demo-ingestion",
            "kms_key_id": "",
            "log_group_class": "STANDARD",
            "name": "/aws/lambda/clickstream-demo-ingestion",
            "name_prefix": "",
            "retention_in_days": 7,
            "skip_destroy": false,
            "tags": {},
            "tags_all": {}
          },
          "sensitive_attributes": [],
          "identity_schema_version": 0,
          "private": "bnVsbA=="
        }
      ]
    },
    {
      "mode": "managed",
      "type": "aws_glue_catalog_database",
      "name": "clickstream_db",
      "provider": "provider[\"registry.terraform.io/hashicorp/aws\"]",
      "instances": [
        {
          "schema_version": 0,
          "attributes": {
            "arn": "arn:aws:glue:eu-west-2:265974217211:database/clickstream-demo_db",
            "catalog_id": "265974217211",
            "create_table_default_permission": [
              {
                "permissions": [
                  "ALL"
                ],
                "principal": [
                  {
                    "data_lake_principal_identifier": "IAM_ALLOWED_PRINCIPALS"
                  }
                ]
              }
            ],
            "description": "Database for clickstream analytics",
            "federated_database": [],
            "id": "265974217211:clickstream-demo_db",
            "location_uri": "",
            "name": "clickstream-demo_db",
            "parameters": {},
            "tags": {},
            "tags_all": {},
            "target_database": []
          },
          "sensitive_attributes": [],
          "identity_schema_version": 0,
          "private": "bnVsbA=="
        }
      ]
    },
    {
      "mode": "managed",
      "type": "aws_glue_catalog_table",
      "name": "clickstream_events",
      "provider": "provider[\"registry.terraform.io/hashicorp/aws\"]",
      "instances": [
        {
          "schema_version": 0,
          "attributes": {
            "arn": "arn:aws:glue:eu-west-2:265974217211:table/clickstream-demo_db/events",
            "catalog_id": "265974217211",
            "database_name": "clickstream-demo_db",
            "description": "",
            "id": "265974217211:clickstream-demo_db:events",
            "name": "events",
            "open_table_format_input": [],
            "owner": "",
            "parameters": {
              "projection.day.digits": "2",
              "projection.day.range": "1,31",
              "projection.day.type": "integer",
              "projection.enabled": "true",
              "projection.hour.digits": "2",
              "projection.hour.range": "0,23",
              "projection.hour.type": "integer",
              "projection.month.digits": "2",
              "projection.month.range": "1,12",
              "projection.month.type": "integer",
              "projection.year.range": "2024,2025",
              "projection.year.type": "integer",
              "storage.location.template": "s3://clickstream-demo-raw-265974217211/clickstream-data/year=${year}/month=${month}/day=${day}/hour=${hour}"
            },
            "partition_index": [],
            "partition_keys": [
              {
                "comment": "",
                "name": "year",
                "type": "int"
              },
              {
                "comment": "",
                "name": "month",
                "type": "int"
              },
              {
                "comment": "",
                "name": "day",
                "type": "int"
              },
              {
                "comment": "",
                "name": "hour",
                "type": "int"
              }
            ],
            "retention": 0,
            "storage_descriptor": [
              {
                "additional_locations": [],
                "bucket_columns": [],
                "columns": [
                  {
                    "comment": "",
                    "name": "event_id",
                    "parameters": {},
                    "type": "string"
                  },
                  {
                    "comment": "",
                    "name": "event_type",
                    "parameters": {},
                    "type": "string"
                  },
                  {
                    "comment": "",
                    "name": "user_id",
                    "parameters": {},
                    "type": "string"
                  },
                  {
                    "comment": "",
                    "name": "session_id",
                    "parameters": {},
                    "type": "string"
                  },
                  {
                    "comment": "",
                    "name": "timestamp",
                    "parameters": {},
                    "type": "string"
                  },
                  {
                    "comment": "",
                    "name": "processed_at",
                    "parameters": {},
                    "type": "string"
                  },
                  {
                    "comment": "",
                    "name": "lambda_request_id",
                    "parameters": {},
                    "type": "string"
                  },
                  {
                    "comment": "",
                    "name": "device_type",
                    "parameters": {},
                    "type": "string"
                  },
                  {
                    "comment": "",
                    "name": "browser",
                    "parameters": {},
                    "type": "string"
                  },
                  {
                    "comment": "",
                    "name": "country",
                    "parameters": {},
                    "type": "string"
                  },
                  {
                    "comment": "",
                    "name": "properties",
                    "parameters": {},
                    "type": "map\u003cstring,string\u003e"
                  }
                ],
                "compressed": false,
                "input_format": "org.apache.hadoop.mapred.TextInputFormat",
                "location": "s3://clickstream-demo-raw-265974217211/clickstream-data/",
                "number_of_buckets": 0,
                "output_format": "org.apache.hadoop.hive.ql.io.HiveIgnoreKeyTextOutputFormat",
                "parameters": {},
                "schema_reference": [],
                "ser_de_info": [
                  {
                    "name": "",
                    "parameters": {},
                    "serialization_library": "org.openx.data.jsonserde.JsonSerDe"
                  }
                ],
                "skewed_info": [],
                "sort_columns": [],
                "stored_as_sub_directories": false
              }
            ],
            "table_type": "EXTERNAL_TABLE",
            "target_table": [],
            "view_expanded_text": "",
            "view_original_text": ""
          },
          "sensitive_attributes": [],
          "identity_schema_version": 0,
          "private": "bnVsbA==",
          "dependencies": [
            "aws_glue_catalog_database.clickstream_db",
            "aws_s3_bucket.raw_data",
            "data.aws_caller_identity.current"
          ]
        }
      ]
    },
    {
      "mode": "managed",
      "type": "aws_glue_catalog_table",
      "name": "events_processed",
      "provider": "provider[\"registry.terraform.io/hashicorp/aws\"]",
      "instances": [
        {
          "schema_version": 0,
          "attributes": {
            "arn": "arn:aws:glue:eu-west-2:265974217211:table/clickstream-demo_db/events_processed",
            "catalog_id": "265974217211",
            "database_name": "clickstream-demo_db",
            "description": "",
            "id": "265974217211:clickstream-demo_db:events_processed",
            "name": "events_processed",
            "open_table_format_input": [],
            "owner": "",
            "parameters": {
              "projection.day.digits": "2",
              "projection.day.range": "1,31",
              "projection.day.type": "integer",
              "projection.enabled": "true",
              "projection.month.digits": "2",
              "projection.month.range": "1,12",
              "projection.month.type": "integer",
              "projection.year.range": "2024,2025",
              "projection.year.type": "integer"
            },
            "partition_index": null,
            "partition_keys": [
              {
                "comment": "",
                "name": "year",
                "type": "int"
              },
              {
                "comment": "",
                "name": "month",
                "type": "int"
              },
              {
                "comment": "",
                "name": "day",
                "type": "int"
              }
            ],
            "retention": 0,
            "storage_descriptor": [
              {
                "additional_locations": null,
                "bucket_columns": null,
                "columns": [
                  {
                    "comment": "",
                    "name": "event_id",
                    "parameters": null,
                    "type": "string"
                  },
                  {
                    "comment": "",
                    "name": "event_type",
                    "parameters": null,
                    "type": "string"
                  },
                  {
                    "comment": "",
                    "name": "user_id",
                    "parameters": null,
                    "type": "string"
                  },
                  {
                    "comment": "",
                    "name": "session_id",
                    "parameters": null,
                    "type": "string"
                  },
                  {
                    "comment": "",
                    "name": "timestamp",
                    "parameters": null,
                    "type": "timestamp"
                  },
                  {
                    "comment": "",
                    "name": "processed_at",
                    "parameters": null,
                    "type": "timestamp"
                  },
                  {
                    "comment": "",
                    "name": "device_type",
                    "parameters": null,
                    "type": "string"
                  },
                  {
                    "comment": "",
                    "name": "browser",
                    "parameters": null,
                    "type": "string"
                  },
                  {
                    "comment": "",
                    "name": "country",
                    "parameters": null,
                    "type": "string"
                  },
                  {
                    "comment": "",
                    "name": "properties",
                    "parameters": null,
                    "type": "map\u003cstring,string\u003e"
                  }
                ],
                "compressed": false,
                "input_format": "org.apache.hadoop.hive.ql.io.parquet.MapredParquetInputFormat",
                "location": "s3://clickstream-demo-processed-265974217211/events/",
                "number_of_buckets": 0,
                "output_format": "org.apache.hadoop.hive.ql.io.parquet.MapredParquetOutputFormat",
                "parameters": null,
                "schema_reference": [],
                "ser_de_info": [
                  {
                    "name": "",
                    "parameters": null,
                    "serialization_library": "org.apache.hadoop.hive.ql.io.parquet.serde.ParquetHiveSerDe"
                  }
                ],
                "skewed_info": [],
                "sort_columns": [],
                "stored_as_sub_directories": false
              }
            ],
            "table_type": "EXTERNAL_TABLE",
            "target_table": [],
            "view_expanded_text": "",
            "view_original_text": ""
          },
          "sensitive_attributes": [],
          "identity_schema_version": 0,
          "private": "bnVsbA==",
          "dependencies": [
            "aws_glue_catalog_database.clickstream_db",
            "aws_s3_bucket.processed_data",
            "data.aws_caller_identity.current"
          ]
        }
      ]
    },
    {
      "mode": "managed",
      "type": "aws_glue_job",
      "name": "json_to_parquet",
      "provider": "provider[\"registry.terraform.io/hashicorp/aws\"]",
      "instances": [
        {
          "schema_version": 0,
          "attributes": {
            "arn": "arn:aws:glue:eu-west-2:265974217211:job/clickstream-demo-json-to-parquet",
            "command": [
              {
                "name": "glueetl",
                "python_version": "3",
                "runtime": "",
                "script_location": "s3://clickstream-demo-processed-265974217211/scripts/json_to_parquet.py"
              }
            ],
            "connections": null,
            "default_arguments": {
              "--DATABASE_NAME": "clickstream-demo_db",
              "--SOURCE_BUCKET": "clickstream-demo-raw-265974217211",
              "--TARGET_BUCKET": "clickstream-demo-processed-265974217211",
              "--enable-continuous-cloudwatch-log": "true",
              "--enable-job-insights": "true",
              "--enable-metrics": "true",
              "--job-language": "python"
            },
            "description": "",
            "execution_class": "",
            "execution_property": [
              {
                "max_concurrent_runs": 1
              }
            ],
            "glue_version": "4.0",
            "id": "clickstream-demo-json-to-parquet",
            "job_run_queuing_enabled": false,
            "maintenance_window": "",
            "max_capacity": 2,
            "max_retries": 0,
            "name": "clickstream-demo-json-to-parquet",
            "non_overridable_arguments": null,
            "notification_property": [],
            "number_of_workers": 2,
            "role_arn": "arn:aws:iam::265974217211:role/clickstream-demo-glue-role",
            "security_configuration": "",
            "source_control_details": [],
            "tags": null,
            "tags_all": {},
            "timeout": 60,
            "worker_type": "G.1X"
          },
          "sensitive_attributes": [],
          "identity_schema_version": 0,
          "private": "bnVsbA==",
          "dependencies": [
            "aws_glue_catalog_database.clickstream_db",
            "aws_iam_role.glue_role",
            "aws_s3_bucket.processed_data",
            "aws_s3_bucket.raw_data",
            "data.aws_caller_identity.current"
          ]
        }
      ]
    },
    {
      "mode": "managed",
      "type": "aws_iam_role",
      "name": "firehose_role",
      "provider": "provider[\"registry.terraform.io/hashicorp/aws\"]",
      "instances": [
        {
          "schema_version": 0,
          "attributes": {
            "arn": "arn:aws:iam::265974217211:role/clickstream-demo-firehose-role",
            "assume_role_policy": "{\"Statement\":[{\"Action\":\"sts:AssumeRole\",\"Effect\":\"Allow\",\"Principal\":{\"Service\":\"firehose.amazonaws.com\"}}],\"Version\":\"2012-10-17\"}",
            "create_date": "2025-06-30T14:57:15Z",
            "description": "",
            "force_detach_policies": false,
            "id": "clickstream-demo-firehose-role",
            "inline_policy": [
              {
                "name": "clickstream-demo-firehose-policy",
                "policy": "{\"Version\":\"2012-10-17\",\"Statement\":[{\"Action\":[\"s3:AbortMultipartUpload\",\"s3:GetBucketLocation\",\"s3:GetObject\",\"s3:ListBucket\",\"s3:ListBucketMultipartUploads\",\"s3:PutObject\"],\"Effect\":\"Allow\",\"Resource\":[\"arn:aws:s3:::clickstream-demo-raw-265974217211\",\"arn:aws:s3:::clickstream-demo-raw-265974217211/*\"]},{\"Action\":[\"kinesis:DescribeStream\",\"kinesis:GetShardIterator\",\"kinesis:GetRecords\",\"kinesis:ListShards\"],\"Effect\":\"Allow\",\"Resource\":\"arn:aws:kinesis:eu-west-2:265974217211:stream/clickstream-demo-stream\"},{\"Action\":[\"logs:PutLogEvents\"],\"Effect\":\"Allow\",\"Resource\":\"*\"}]}"
              }
            ],
            "managed_policy_arns": [],
            "max_session_duration": 3600,
            "name": "clickstream-demo-firehose-role",
            "name_prefix": "",
            "path": "/",
            "permissions_boundary": "",
            "tags": {},
            "tags_all": {},
            "unique_id": "AROAT33KMPH543Z7UZLDQ"
          },
          "sensitive_attributes": [],
          "identity_schema_version": 0,
          "private": "bnVsbA=="
        }
      ]
    },
    {
      "mode": "managed",
      "type": "aws_iam_role",
      "name": "glue_role",
      "provider": "provider[\"registry.terraform.io/hashicorp/aws\"]",
      "instances": [
        {
          "schema_version": 0,
          "attributes": {
            "arn": "arn:aws:iam::265974217211:role/clickstream-demo-glue-role",
            "assume_role_policy": "{\"Statement\":[{\"Action\":\"sts:AssumeRole\",\"Effect\":\"Allow\",\"Principal\":{\"Service\":\"glue.amazonaws.com\"}}],\"Version\":\"2012-10-17\"}",
            "create_date": "2025-07-05T07:43:23Z",
            "description": "",
            "force_detach_policies": false,
            "id": "clickstream-demo-glue-role",
            "inline_policy": [],
            "managed_policy_arns": [],
            "max_session_duration": 3600,
            "name": "clickstream-demo-glue-role",
            "name_prefix": "",
            "path": "/",
            "permissions_boundary": "",
            "tags": null,
            "tags_all": {},
            "unique_id": "AROAT33KMPH55LNCP56FJ"
          },
          "sensitive_attributes": [],
          "identity_schema_version": 0,
          "private": "bnVsbA=="
        }
      ]
    },
    {
      "mode": "managed",
      "type": "aws_iam_role",
      "name": "lambda_role",
      "provider": "provider[\"registry.terraform.io/hashicorp/aws\"]",
      "instances": [
        {
          "schema_version": 0,
          "attributes": {
            "arn": "arn:aws:iam::265974217211:role/clickstream-demo-lambda-role",
            "assume_role_policy": "{\"Statement\":[{\"Action\":\"sts:AssumeRole\",\"Effect\":\"Allow\",\"Principal\":{\"Service\":\"lambda.amazonaws.com\"}}],\"Version\":\"2012-10-17\"}",
            "create_date": "2025-06-30T14:57:15Z",
            "description": "",
            "force_detach_policies": false,
            "id": "clickstream-demo-lambda-role",
            "inline_policy": [
              {
                "name": "clickstream-demo-lambda-kinesis",
                "policy": "{\"Version\":\"2012-10-17\",\"Statement\":[{\"Action\":[\"kinesis:PutRecord\",\"kinesis:PutRecords\"],\"Effect\":\"Allow\",\"Resource\":\"arn:aws:kinesis:eu-west-2:265974217211:stream/clickstream-demo-stream\"}]}"
              }
            ],
            "managed_policy_arns": [
              "arn:aws:iam::aws:policy/service-role/AWSLambdaBasicExecutionRole"
            ],
            "max_session_duration": 3600,
            "name": "clickstream-demo-lambda-role",
            "name_prefix": "",
            "path": "/",
            "permissions_boundary": "",
            "tags": {},
            "tags_all": {},
            "unique_id": "AROAT33KMPH5V7K5A2WKD"
          },
          "sensitive_attributes": [],
          "identity_schema_version": 0,
          "private": "bnVsbA=="
        }
      ]
    },
    {
      "mode": "managed",
      "type": "aws_iam_role_policy",
      "name": "firehose_policy",
      "provider": "provider[\"registry.terraform.io/hashicorp/aws\"]",
      "instances": [
        {
          "schema_version": 0,
          "attributes": {
            "id": "clickstream-demo-firehose-role:clickstream-demo-firehose-policy",
            "name": "clickstream-demo-firehose-policy",
            "name_prefix": "",
            "policy": "{\"Version\":\"2012-10-17\",\"Statement\":[{\"Action\":[\"s3:AbortMultipartUpload\",\"s3:GetBucketLocation\",\"s3:GetObject\",\"s3:ListBucket\",\"s3:ListBucketMultipartUploads\",\"s3:PutObject\"],\"Effect\":\"Allow\",\"Resource\":[\"arn:aws:s3:::clickstream-demo-raw-265974217211\",\"arn:aws:s3:::clickstream-demo-raw-265974217211/*\"]},{\"Action\":[\"kinesis:DescribeStream\",\"kinesis:GetShardIterator\",\"kinesis:GetRecords\",\"kinesis:ListShards\"],\"Effect\":\"Allow\",\"Resource\":\"arn:aws:kinesis:eu-west-2:265974217211:stream/clickstream-demo-stream\"},{\"Action\":[\"logs:PutLogEvents\"],\"Effect\":\"Allow\",\"Resource\":\"*\"}]}",
            "role": "clickstream-demo-firehose-role"
          },
          "sensitive_attributes": [],
          "identity_schema_version": 0,
          "private": "bnVsbA==",
          "dependencies": [
            "aws_iam_role.firehose_role",
            "aws_kinesis_stream.clickstream",
            "aws_s3_bucket.raw_data",
            "data.aws_caller_identity.current"
          ]
        }
      ]
    },
    {
      "mode": "managed",
      "type": "aws_iam_role_policy",
      "name": "glue_policy",
      "provider": "provider[\"registry.terraform.io/hashicorp/aws\"]",
      "instances": [
        {
          "schema_version": 0,
          "attributes": {
            "id": "clickstream-demo-glue-role:clickstream-demo-glue-policy",
            "name": "clickstream-demo-glue-policy",
            "name_prefix": "",
            "policy": "{\"Version\":\"2012-10-17\",\"Statement\":[{\"Action\":[\"s3:GetObject\",\"s3:ListBucket\"],\"Effect\":\"Allow\",\"Resource\":[\"arn:aws:s3:::clickstream-demo-raw-265974217211\",\"arn:aws:s3:::clickstream-demo-raw-265974217211/*\"]},{\"Action\":[\"s3:PutObject\",\"s3:DeleteObject\"],\"Effect\":\"Allow\",\"Resource\":[\"arn:aws:s3:::clickstream-demo-processed-265974217211\",\"arn:aws:s3:::clickstream-demo-processed-265974217211/*\"]},{\"Action\":[\"glue:*\"],\"Effect\":\"Allow\",\"Resource\":\"*\"},{\"Action\":[\"logs:CreateLogGroup\",\"logs:CreateLogStream\",\"logs:PutLogEvents\"],\"Effect\":\"Allow\",\"Resource\":\"arn:aws:logs:*:*:*\"}]}",
            "role": "clickstream-demo-glue-role"
          },
          "sensitive_attributes": [],
          "identity_schema_version": 0,
          "private": "bnVsbA==",
          "dependencies": [
            "aws_iam_role.glue_role",
            "aws_s3_bucket.processed_data",
            "aws_s3_bucket.raw_data",
            "data.aws_caller_identity.current"
          ]
        }
      ]
    },
    {
      "mode": "managed",
      "type": "aws_iam_role_policy",
      "name": "lambda_kinesis",
      "provider": "provider[\"registry.terraform.io/hashicorp/aws\"]",
      "instances": [
        {
          "schema_version": 0,
          "attributes": {
            "id": "clickstream-demo-lambda-role:clickstream-demo-lambda-kinesis",
            "name": "clickstream-demo-lambda-kinesis",
            "name_prefix": "",
            "policy": "{\"Version\":\"2012-10-17\",\"Statement\":[{\"Action\":[\"kinesis:PutRecord\",\"kinesis:PutRecords\"],\"Effect\":\"Allow\",\"Resource\":\"arn:aws:kinesis:eu-west-2:265974217211:stream/clickstream-demo-stream\"}]}",
            "role": "clickstream-demo-lambda-role"
          },
          "sensitive_attributes": [],
          "identity_schema_version": 0,
          "private": "bnVsbA==",
          "dependencies": [
            "aws_iam_role.lambda_role",
            "aws_kinesis_stream.clickstream"
          ]
        }
      ]
    },
    {
      "mode": "managed",
      "type": "aws_iam_role_policy_attachment",
      "name": "glue_service_role",
      "provider": "provider[\"registry.terraform.io/hashicorp/aws\"]",
      "instances": [
        {
          "schema_version": 0,
          "attributes": {
            "id": "clickstream-demo-glue-role-20250705074323686900000001",
            "policy_arn": "arn:aws:iam::aws:policy/service-role/AWSGlueServiceRole",
            "role": "clickstream-demo-glue-role"
          },
          "sensitive_attributes": [],
          "identity_schema_version": 0,
          "private": "bnVsbA==",
          "dependencies": [
            "aws_iam_role.glue_role"
          ]
        }
      ]
    },
    {
      "mode": "managed",
      "type": "aws_iam_role_policy_attachment",
      "name": "lambda_logs",
      "provider": "provider[\"registry.terraform.io/hashicorp/aws\"]",
      "instances": [
        {
          "schema_version": 0,
          "attributes": {
            "id": "clickstream-demo-lambda-role-20250630145715999800000001",
            "policy_arn": "arn:aws:iam::aws:policy/service-role/AWSLambdaBasicExecutionRole",
            "role": "clickstream-demo-lambda-role"
          },
          "sensitive_attributes": [],
          "identity_schema_version": 0,
          "private": "bnVsbA==",
          "dependencies": [
            "aws_iam_role.lambda_role"
          ]
        }
      ]
    },
    {
      "mode": "managed",
      "type": "aws_kinesis_firehose_delivery_stream",
      "name": "clickstream_firehose",
      "provider": "provider[\"registry.terraform.io/hashicorp/aws\"]",
      "instances": [
        {
          "schema_version": 1,
          "attributes": {
            "arn": "arn:aws:firehose:eu-west-2:265974217211:deliverystream/clickstream-demo-firehose",
            "destination": "extended_s3",
            "destination_id": "destinationId-000000000001",
            "elasticsearch_configuration": [],
            "extended_s3_configuration": [
              {
                "bucket_arn": "arn:aws:s3:::clickstream-demo-raw-265974217211",
                "buffering_interval": 60,
                "buffering_size": 5,
                "cloudwatch_logging_options": [
                  {
                    "enabled": false,
                    "log_group_name": "",
                    "log_stream_name": ""
                  }
                ],
                "compression_format": "GZIP",
                "custom_time_zone": "UTC",
                "data_format_conversion_configuration": [],
                "dynamic_partitioning_configuration": [],
                "error_output_prefix": "clickstream-errors/",
                "file_extension": "",
                "kms_key_arn": "",
                "prefix": "clickstream-data/year=!{timestamp:yyyy}/month=!{timestamp:MM}/day=!{timestamp:dd}/hour=!{timestamp:HH}/",
                "processing_configuration": [
                  {
                    "enabled": false,
                    "processors": []
                  }
                ],
                "role_arn": "arn:aws:iam::265974217211:role/clickstream-demo-firehose-role",
                "s3_backup_configuration": [],
                "s3_backup_mode": "Disabled"
              }
            ],
            "http_endpoint_configuration": [],
            "iceberg_configuration": [],
            "id": "arn:aws:firehose:eu-west-2:265974217211:deliverystream/clickstream-demo-firehose",
            "kinesis_source_configuration": [
              {
                "kinesis_stream_arn": "arn:aws:kinesis:eu-west-2:265974217211:stream/clickstream-demo-stream",
                "role_arn": "arn:aws:iam::265974217211:role/clickstream-demo-firehose-role"
              }
            ],
            "msk_source_configuration": [],
            "name": "clickstream-demo-firehose",
            "opensearch_configuration": [],
            "opensearchserverless_configuration": [],
            "redshift_configuration": [],
            "server_side_encryption": [
              {
                "enabled": false,
                "key_arn": "",
                "key_type": "AWS_OWNED_CMK"
              }
            ],
            "snowflake_configuration": [],
            "splunk_configuration": [],
            "tags": {},
            "tags_all": {},
            "timeouts": null,
            "version_id": "1"
          },
          "sensitive_attributes": [],
          "identity_schema_version": 0,
          "private": "eyJlMmJmYjczMC1lY2FhLTExZTYtOGY4OC0zNDM2M2JjN2M0YzAiOnsiY3JlYXRlIjoxODAwMDAwMDAwMDAwLCJkZWxldGUiOjE4MDAwMDAwMDAwMDAsInVwZGF0ZSI6NjAwMDAwMDAwMDAwfSwic2NoZW1hX3ZlcnNpb24iOiIxIn0=",
          "dependencies": [
            "aws_iam_role.firehose_role",
            "aws_iam_role_policy.firehose_policy",
            "aws_kinesis_stream.clickstream",
            "aws_s3_bucket.raw_data",
            "data.aws_caller_identity.current"
          ]
        }
      ]
    },
    {
      "mode": "managed",
      "type": "aws_kinesis_stream",
      "name": "clickstream",
      "provider": "provider[\"registry.terraform.io/hashicorp/aws\"]",
      "instances": [
        {
          "schema_version": 1,
          "attributes": {
            "arn": "arn:aws:kinesis:eu-west-2:265974217211:stream/clickstream-demo-stream",
            "encryption_type": "NONE",
            "enforce_consumer_deletion": false,
            "id": "arn:aws:kinesis:eu-west-2:265974217211:stream/clickstream-demo-stream",
            "kms_key_id": "",
            "name": "clickstream-demo-stream",
            "retention_period": 24,
            "shard_count": 1,
            "shard_level_metrics": [],
            "stream_mode_details": [
              {
                "stream_mode": "PROVISIONED"
              }
            ],
            "tags": {
              "Environment": "demo",
              "Name": "clickstream-demo-stream"
            },
            "tags_all": {
              "Environment": "demo",
              "Name": "clickstream-demo-stream"
            },
            "timeouts": null
          },
          "sensitive_attributes": [],
          "identity_schema_version": 0,
          "private": "eyJlMmJmYjczMC1lY2FhLTExZTYtOGY4OC0zNDM2M2JjN2M0YzAiOnsiY3JlYXRlIjozMDAwMDAwMDAwMDAsImRlbGV0ZSI6NzIwMDAwMDAwMDAwMCwidXBkYXRlIjo3MjAwMDAwMDAwMDAwfSwic2NoZW1hX3ZlcnNpb24iOiIxIn0="
        }
      ]
    },
    {
      "mode": "managed",
      "type": "aws_lambda_function",
      "name": "ingestion",
      "provider": "provider[\"registry.terraform.io/hashicorp/aws\"]",
      "instances": [
        {
          "schema_version": 0,
          "attributes": {
            "architectures": [
              "x86_64"
            ],
            "arn": "arn:aws:lambda:eu-west-2:265974217211:function:clickstream-demo-ingestion",
            "code_sha256": "9ymQI5k29NGaxYXjWv95bCpzSxpgXGadFKr4507GRf0=",
            "code_signing_config_arn": "",
            "dead_letter_config": [],
            "description": "",
            "environment": [
              {
                "variables": {
                  "KINESIS_STREAM_NAME": "clickstream-demo-stream"
                }
              }
            ],
            "ephemeral_storage": [
              {
                "size": 512
              }
            ],
            "file_system_config": [],
            "filename": "lambda.zip",
            "function_name": "clickstream-demo-ingestion",
            "handler": "index.lambda_handler",
            "id": "clickstream-demo-ingestion",
            "image_config": [],
            "image_uri": "",
            "invoke_arn": "arn:aws:apigateway:eu-west-2:lambda:path/2015-03-31/functions/arn:aws:lambda:eu-west-2:265974217211:function:clickstream-demo-ingestion/invocations",
            "kms_key_arn": "",
            "last_modified": "2025-07-03T06:29:44.000+0000",
            "layers": [],
            "logging_config": [
              {
                "application_log_level": "",
                "log_format": "Text",
                "log_group": "/aws/lambda/clickstream-demo-ingestion",
                "system_log_level": ""
              }
            ],
            "memory_size": 512,
            "package_type": "Zip",
            "publish": false,
            "qualified_arn": "arn:aws:lambda:eu-west-2:265974217211:function:clickstream-demo-ingestion:$LATEST",
            "qualified_invoke_arn": "arn:aws:apigateway:eu-west-2:lambda:path/2015-03-31/functions/arn:aws:lambda:eu-west-2:265974217211:function:clickstream-demo-ingestion:$LATEST/invocations",
            "replace_security_groups_on_destroy": null,
            "replacement_security_group_ids": null,
            "reserved_concurrent_executions": -1,
            "role": "arn:aws:iam::265974217211:role/clickstream-demo-lambda-role",
            "runtime": "python3.11",
            "s3_bucket": null,
            "s3_key": null,
            "s3_object_version": null,
            "signing_job_arn": "",
            "signing_profile_version_arn": "",
            "skip_destroy": false,
            "snap_start": [],
            "source_code_hash": "9ymQI5k29NGaxYXjWv95bCpzSxpgXGadFKr4507GRf0=",
            "source_code_size": 1396,
            "tags": {},
            "tags_all": {},
            "timeout": 30,
            "timeouts": null,
            "tracing_config": [
              {
                "mode": "PassThrough"
              }
            ],
            "version": "$LATEST",
            "vpc_config": []
          },
          "sensitive_attributes": [],
          "identity_schema_version": 0,
          "private": "eyJlMmJmYjczMC1lY2FhLTExZTYtOGY4OC0zNDM2M2JjN2M0YzAiOnsiY3JlYXRlIjo2MDAwMDAwMDAwMDAsImRlbGV0ZSI6NjAwMDAwMDAwMDAwLCJ1cGRhdGUiOjYwMDAwMDAwMDAwMH19",
          "dependencies": [
            "aws_iam_role.lambda_role",
            "aws_iam_role_policy.lambda_kinesis",
            "aws_iam_role_policy_attachment.lambda_logs",
            "aws_kinesis_stream.clickstream"
          ]
        }
      ]
    },
    {
      "mode": "managed",
      "type": "aws_lambda_permission",
      "name": "api_gateway",
      "provider": "provider[\"registry.terraform.io/hashicorp/aws\"]",
      "instances": [
        {
          "schema_version": 0,
          "attributes": {
            "action": "lambda:InvokeFunction",
            "event_source_token": null,
            "function_name": "clickstream-demo-ingestion",
            "function_url_auth_type": null,
            "id": "AllowAPIGatewayInvoke",
            "principal": "apigateway.amazonaws.com",
            "principal_org_id": null,
            "qualifier": "",
            "source_account": null,
            "source_arn": "arn:aws:execute-api:eu-west-2:265974217211:td08v6xi88/*/*",
            "statement_id": "AllowAPIGatewayInvoke",
            "statement_id_prefix": ""
          },
          "sensitive_attributes": [],
          "identity_schema_version": 0,
          "private": "bnVsbA==",
          "dependencies": [
            "aws_apigatewayv2_api.main",
            "aws_iam_role.lambda_role",
            "aws_iam_role_policy.lambda_kinesis",
            "aws_iam_role_policy_attachment.lambda_logs",
            "aws_kinesis_stream.clickstream",
            "aws_lambda_function.ingestion"
          ]
        }
      ]
    },
    {
      "mode": "managed",
      "type": "aws_s3_bucket",
      "name": "athena_results",
      "provider": "provider[\"registry.terraform.io/hashicorp/aws\"]",
      "instances": [
        {
          "schema_version": 0,
          "attributes": {
            "acceleration_status": "",
            "acl": null,
            "arn": "arn:aws:s3:::clickstream-demo-athena-results-265974217211",
            "bucket": "clickstream-demo-athena-results-265974217211",
            "bucket_domain_name": "clickstream-demo-athena-results-265974217211.s3.amazonaws.com",
            "bucket_prefix": "",
            "bucket_regional_domain_name": "clickstream-demo-athena-results-265974217211.s3.eu-west-2.amazonaws.com",
            "cors_rule": [],
            "force_destroy": false,
            "grant": [
              {
                "id": "1c45ea0a867503824e7165a45639f0388fd07d4a1244166456fe8831c2b0458c",
                "permissions": [
                  "FULL_CONTROL"
                ],
                "type": "CanonicalUser",
                "uri": ""
              }
            ],
            "hosted_zone_id": "Z3GKZC51ZF0DB4",
            "id": "clickstream-demo-athena-results-265974217211",
            "lifecycle_rule": [],
            "logging": [],
            "object_lock_configuration": [],
            "object_lock_enabled": false,
            "policy": "",
            "region": "eu-west-2",
            "replication_configuration": [],
            "request_payer": "BucketOwner",
            "server_side_encryption_configuration": [
              {
                "rule": [
                  {
                    "apply_server_side_encryption_by_default": [
                      {
                        "kms_master_key_id": "",
                        "sse_algorithm": "AES256"
                      }
                    ],
                    "bucket_key_enabled": false
                  }
                ]
              }
            ],
            "tags": {
              "Environment": "demo",
              "Name": "clickstream-demo-athena-results"
            },
            "tags_all": {
              "Environment": "demo",
              "Name": "clickstream-demo-athena-results"
            },
            "timeouts": null,
            "versioning": [
              {
                "enabled": false,
                "mfa_delete": false
              }
            ],
            "website": [],
            "website_domain": null,
            "website_endpoint": null
          },
          "sensitive_attributes": [],
          "identity_schema_version": 0,
          "private": "eyJlMmJmYjczMC1lY2FhLTExZTYtOGY4OC0zNDM2M2JjN2M0YzAiOnsiY3JlYXRlIjoxMjAwMDAwMDAwMDAwLCJkZWxldGUiOjM2MDAwMDAwMDAwMDAsInJlYWQiOjEyMDAwMDAwMDAwMDAsInVwZGF0ZSI6MTIwMDAwMDAwMDAwMH19",
          "dependencies": [
            "data.aws_caller_identity.current"
          ]
        }
      ]
    },
    {
      "mode": "managed",
      "type": "aws_s3_bucket",
      "name": "processed_data",
      "provider": "provider[\"registry.terraform.io/hashicorp/aws\"]",
      "instances": [
        {
          "schema_version": 0,
          "attributes": {
            "acceleration_status": "",
            "acl": null,
            "arn": "arn:aws:s3:::clickstream-demo-processed-265974217211",
            "bucket": "clickstream-demo-processed-265974217211",
            "bucket_domain_name": "clickstream-demo-processed-265974217211.s3.amazonaws.com",
            "bucket_prefix": "",
            "bucket_regional_domain_name": "clickstream-demo-processed-265974217211.s3.eu-west-2.amazonaws.com",
            "cors_rule": [],
            "force_destroy": false,
            "grant": [
              {
                "id": "1c45ea0a867503824e7165a45639f0388fd07d4a1244166456fe8831c2b0458c",
                "permissions": [
                  "FULL_CONTROL"
                ],
                "type": "CanonicalUser",
                "uri": ""
              }
            ],
            "hosted_zone_id": "Z3GKZC51ZF0DB4",
            "id": "clickstream-demo-processed-265974217211",
            "lifecycle_rule": [],
            "logging": [],
            "object_lock_configuration": [],
            "object_lock_enabled": false,
            "policy": "",
            "region": "eu-west-2",
            "replication_configuration": [],
            "request_payer": "BucketOwner",
            "server_side_encryption_configuration": [
              {
                "rule": [
                  {
                    "apply_server_side_encryption_by_default": [
                      {
                        "kms_master_key_id": "",
                        "sse_algorithm": "AES256"
                      }
                    ],
                    "bucket_key_enabled": false
                  }
                ]
              }
            ],
            "tags": {
              "Environment": "demo",
              "Layer": "processed",
              "Name": "clickstream-demo-processed-data"
            },
            "tags_all": {
              "Environment": "demo",
              "Layer": "processed",
              "Name": "clickstream-demo-processed-data"
            },
            "timeouts": null,
            "versioning": [
              {
                "enabled": false,
                "mfa_delete": false
              }
            ],
            "website": [],
            "website_domain": null,
            "website_endpoint": null
          },
          "sensitive_attributes": [],
          "identity_schema_version": 0,
          "private": "eyJlMmJmYjczMC1lY2FhLTExZTYtOGY4OC0zNDM2M2JjN2M0YzAiOnsiY3JlYXRlIjoxMjAwMDAwMDAwMDAwLCJkZWxldGUiOjM2MDAwMDAwMDAwMDAsInJlYWQiOjEyMDAwMDAwMDAwMDAsInVwZGF0ZSI6MTIwMDAwMDAwMDAwMH19",
          "dependencies": [
            "data.aws_caller_identity.current"
          ]
        }
      ]
    },
    {
      "mode": "managed",
      "type": "aws_s3_bucket",
      "name": "raw_data",
      "provider": "provider[\"registry.terraform.io/hashicorp/aws\"]",
      "instances": [
        {
          "schema_version": 0,
          "attributes": {
            "acceleration_status": "",
            "acl": null,
            "arn": "arn:aws:s3:::clickstream-demo-raw-265974217211",
            "bucket": "clickstream-demo-raw-265974217211",
            "bucket_domain_name": "clickstream-demo-raw-265974217211.s3.amazonaws.com",
            "bucket_prefix": "",
            "bucket_regional_domain_name": "clickstream-demo-raw-265974217211.s3.eu-west-2.amazonaws.com",
            "cors_rule": [],
            "force_destroy": false,
            "grant": [
              {
                "id": "1c45ea0a867503824e7165a45639f0388fd07d4a1244166456fe8831c2b0458c",
                "permissions": [
                  "FULL_CONTROL"
                ],
                "type": "CanonicalUser",
                "uri": ""
              }
            ],
            "hosted_zone_id": "Z3GKZC51ZF0DB4",
            "id": "clickstream-demo-raw-265974217211",
            "lifecycle_rule": [],
            "logging": [],
            "object_lock_configuration": [],
            "object_lock_enabled": false,
            "policy": "",
            "region": "eu-west-2",
            "replication_configuration": [],
            "request_payer": "BucketOwner",
            "server_side_encryption_configuration": [
              {
                "rule": [
                  {
                    "apply_server_side_encryption_by_default": [
                      {
                        "kms_master_key_id": "",
                        "sse_algorithm": "AES256"
                      }
                    ],
                    "bucket_key_enabled": false
                  }
                ]
              }
            ],
            "tags": {
              "Environment": "demo",
              "Name": "clickstream-demo-raw-data"
            },
            "tags_all": {
              "Environment": "demo",
              "Name": "clickstream-demo-raw-data"
            },
            "timeouts": null,
            "versioning": [
              {
                "enabled": true,
                "mfa_delete": false
              }
            ],
            "website": [],
            "website_domain": null,
            "website_endpoint": null
          },
          "sensitive_attributes": [],
          "identity_schema_version": 0,
          "private": "eyJlMmJmYjczMC1lY2FhLTExZTYtOGY4OC0zNDM2M2JjN2M0YzAiOnsiY3JlYXRlIjoxMjAwMDAwMDAwMDAwLCJkZWxldGUiOjM2MDAwMDAwMDAwMDAsInJlYWQiOjEyMDAwMDAwMDAwMDAsInVwZGF0ZSI6MTIwMDAwMDAwMDAwMH19",
          "dependencies": [
            "data.aws_caller_identity.current"
          ]
        }
      ]
    },
    {
      "mode": "managed",
      "type": "aws_s3_bucket_lifecycle_configuration",
      "name": "processed_data",
      "provider": "provider[\"registry.terraform.io/hashicorp/aws\"]",
      "instances": [
        {
          "schema_version": 1,
          "attributes": {
            "bucket": "clickstream-demo-processed-265974217211",
            "expected_bucket_owner": "",
            "id": "clickstream-demo-processed-265974217211",
            "rule": [
              {
                "abort_incomplete_multipart_upload": [],
                "expiration": [],
                "filter": [],
                "id": "transition-old-data",
                "noncurrent_version_expiration": [],
                "noncurrent_version_transition": [],
                "prefix": "",
                "status": "Enabled",
                "transition": [
                  {
                    "date": null,
                    "days": 30,
                    "storage_class": "STANDARD_IA"
                  },
                  {
                    "date": null,
                    "days": 90,
                    "storage_class": "GLACIER"
                  }
                ]
              }
            ],
            "timeouts": null,
            "transition_default_minimum_object_size": "all_storage_classes_128K"
          },
          "sensitive_attributes": [],
          "identity_schema_version": 0,
          "dependencies": [
            "aws_s3_bucket.processed_data",
            "data.aws_caller_identity.current"
          ]
        }
      ]
    },
    {
      "mode": "managed",
      "type": "aws_s3_bucket_public_access_block",
      "name": "athena_results",
      "provider": "provider[\"registry.terraform.io/hashicorp/aws\"]",
      "instances": [
        {
          "schema_version": 0,
          "attributes": {
            "block_public_acls": true,
            "block_public_policy": true,
            "bucket": "clickstream-demo-athena-results-265974217211",
            "id": "clickstream-demo-athena-results-265974217211",
            "ignore_public_acls": true,
            "restrict_public_buckets": true
          },
          "sensitive_attributes": [],
          "identity_schema_version": 0,
          "private": "bnVsbA==",
          "dependencies": [
            "aws_s3_bucket.athena_results",
            "data.aws_caller_identity.current"
          ]
        }
      ]
    },
    {
      "mode": "managed",
      "type": "aws_s3_bucket_public_access_block",
      "name": "processed_data",
      "provider": "provider[\"registry.terraform.io/hashicorp/aws\"]",
      "instances": [
        {
          "schema_version": 0,
          "attributes": {
            "block_public_acls": true,
            "block_public_policy": true,
            "bucket": "clickstream-demo-processed-265974217211",
            "id": "clickstream-demo-processed-265974217211",
            "ignore_public_acls": true,
            "restrict_public_buckets": true
          },
          "sensitive_attributes": [],
          "identity_schema_version": 0,
          "private": "bnVsbA==",
          "dependencies": [
            "aws_s3_bucket.processed_data",
            "data.aws_caller_identity.current"
          ]
        }
      ]
    },
    {
      "mode": "managed",
      "type": "aws_s3_bucket_public_access_block",
      "name": "raw_data",
      "provider": "provider[\"registry.terraform.io/hashicorp/aws\"]",
      "instances": [
        {
          "schema_version": 0,
          "attributes": {
            "block_public_acls": true,
            "block_public_policy": true,
            "bucket": "clickstream-demo-raw-265974217211",
            "id": "clickstream-demo-raw-265974217211",
            "ignore_public_acls": true,
            "restrict_public_buckets": true
          },
          "sensitive_attributes": [],
          "identity_schema_version": 0,
          "private": "bnVsbA==",
          "dependencies": [
            "aws_s3_bucket.raw_data",
            "data.aws_caller_identity.current"
          ]
        }
      ]
    },
    {
      "mode": "managed",
      "type": "aws_s3_bucket_server_side_encryption_configuration",
      "name": "raw_data",
      "provider": "provider[\"registry.terraform.io/hashicorp/aws\"]",
      "instances": [
        {
          "schema_version": 0,
          "attributes": {
            "bucket": "clickstream-demo-raw-265974217211",
            "expected_bucket_owner": "",
            "id": "clickstream-demo-raw-265974217211",
            "rule": [
              {
                "apply_server_side_encryption_by_default": [
                  {
                    "kms_master_key_id": "",
                    "sse_algorithm": "AES256"
                  }
                ],
                "bucket_key_enabled": false
              }
            ]
          },
          "sensitive_attributes": [],
          "identity_schema_version": 0,
          "private": "bnVsbA==",
          "dependencies": [
            "aws_s3_bucket.raw_data",
            "data.aws_caller_identity.current"
          ]
        }
      ]
    },
    {
      "mode": "managed",
      "type": "aws_s3_bucket_versioning",
      "name": "raw_data",
      "provider": "provider[\"registry.terraform.io/hashicorp/aws\"]",
      "instances": [
        {
          "schema_version": 0,
          "attributes": {
            "bucket": "clickstream-demo-raw-265974217211",
            "expected_bucket_owner": "",
            "id": "clickstream-demo-raw-265974217211",
            "mfa": null,
            "versioning_configuration": [
              {
                "mfa_delete": "",
                "status": "Enabled"
              }
            ]
          },
          "sensitive_attributes": [],
          "identity_schema_version": 0,
          "private": "bnVsbA==",
          "dependencies": [
            "aws_s3_bucket.raw_data",
            "data.aws_caller_identity.current"
          ]
        }
      ]
    }
  ],
  "check_results": null
}
